PODS:
  - ZaptContactTracing_iOS_SDK (1.0.5)

DEPENDENCIES:
  - ZaptContactTracing_iOS_SDK (= 1.0.5)

SPEC REPOS:
  trunk:
    - ZaptContactTracing_iOS_SDK

SPEC CHECKSUMS:
  ZaptContactTracing_iOS_SDK: ab319b62054d94e6c8b31df89139cefe351f0a00

PODFILE CHECKSUM: 877a435298b07479040ed0a1619e7ff11a3ed1ca

COCOAPODS: 1.9.3
